
Microsoft Visual Studio Solution File, Format Version 12.00
# Visual Studio Version 17
VisualStudioVersion = 17.0.31903.59
MinimumVisualStudioVersion = 10.0.40219.1
Project("{FAE04EC0-301F-11D3-BF4B-00C04F79EFBC}") = "Api", "Api\Api.csproj", "{F56188AF-ED1F-4B5A-B2C2-6CD16EABF859}"
EndProject
Project("{FAE04EC0-301F-11D3-BF4B-00C04F79EFBC}") = "Domain", "Domain\Domain.csproj", "{4CEE6A34-552A-4077-AC8D-5B3C380A879B}"
EndProject
Project("{FAE04EC0-301F-11D3-BF4B-00C04F79EFBC}") = "Infrastructure", "Infrastructure\Infrastructure.csproj", "{827A5687-2510-4B1F-9069-998D1266C428}"
EndProject
Global
	GlobalSection(SolutionConfigurationPlatforms) = preSolution
		Debug|Any CPU = Debug|Any CPU
		Release|Any CPU = Release|Any CPU
	EndGlobalSection
	GlobalSection(SolutionProperties) = preSolution
		HideSolutionNode = FALSE
	EndGlobalSection
	GlobalSection(ProjectConfigurationPlatforms) = postSolution
		{F56188AF-ED1F-4B5A-B2C2-6CD16EABF859}.Debug|Any CPU.ActiveCfg = Debug|Any CPU
		{F56188AF-ED1F-4B5A-B2C2-6CD16EABF859}.Debug|Any CPU.Build.0 = Debug|Any CPU
		{F56188AF-ED1F-4B5A-B2C2-6CD16EABF859}.Release|Any CPU.ActiveCfg = Release|Any CPU
		{F56188AF-ED1F-4B5A-B2C2-6CD16EABF859}.Release|Any CPU.Build.0 = Release|Any CPU
		{4CEE6A34-552A-4077-AC8D-5B3C380A879B}.Debug|Any CPU.ActiveCfg = Debug|Any CPU
		{4CEE6A34-552A-4077-AC8D-5B3C380A879B}.Debug|Any CPU.Build.0 = Debug|Any CPU
		{4CEE6A34-552A-4077-AC8D-5B3C380A879B}.Release|Any CPU.ActiveCfg = Release|Any CPU
		{4CEE6A34-552A-4077-AC8D-5B3C380A879B}.Release|Any CPU.Build.0 = Release|Any CPU
		{827A5687-2510-4B1F-9069-998D1266C428}.Debug|Any CPU.ActiveCfg = Debug|Any CPU
		{827A5687-2510-4B1F-9069-998D1266C428}.Debug|Any CPU.Build.0 = Debug|Any CPU
		{827A5687-2510-4B1F-9069-998D1266C428}.Release|Any CPU.ActiveCfg = Release|Any CPU
		{827A5687-2510-4B1F-9069-998D1266C428}.Release|Any CPU.Build.0 = Release|Any CPU
	EndGlobalSection
EndGlobal
